
Microsoft Visual Studio Solution File, Format Version 12.00
# Visual Studio 14
VisualStudioVersion = 14.0.25420.1
MinimumVisualStudioVersion = 10.0.40219.1
Project("{FAE04EC0-301F-11D3-BF4B-00C04F79EFBC}") = "01_Delegates", "01_Delegates\01_Delegates.csproj", "{4BCD2ADE-525A-42D6-85FC-978A13F6779C}"
EndProject
Project("{FAE04EC0-301F-11D3-BF4B-00C04F79EFBC}") = "02_Delegates", "02_Delegates\02_Delegates.csproj", "{F1DA6647-EDF1-4F39-B256-C7EE11B8779E}"
EndProject
Project("{FAE04EC0-301F-11D3-BF4B-00C04F79EFBC}") = "03_Eventos", "03_Eventos\03_Eventos.csproj", "{42D5A9D8-A0D0-485A-B062-6878C063BE7C}"
EndProject
Global
	GlobalSection(SolutionConfigurationPlatforms) = preSolution
		Debug|Any CPU = Debug|Any CPU
		Release|Any CPU = Release|Any CPU
	EndGlobalSection
	GlobalSection(ProjectConfigurationPlatforms) = postSolution
		{4BCD2ADE-525A-42D6-85FC-978A13F6779C}.Debug|Any CPU.ActiveCfg = Debug|Any CPU
		{4BCD2ADE-525A-42D6-85FC-978A13F6779C}.Debug|Any CPU.Build.0 = Debug|Any CPU
		{4BCD2ADE-525A-42D6-85FC-978A13F6779C}.Release|Any CPU.ActiveCfg = Release|Any CPU
		{4BCD2ADE-525A-42D6-85FC-978A13F6779C}.Release|Any CPU.Build.0 = Release|Any CPU
		{F1DA6647-EDF1-4F39-B256-C7EE11B8779E}.Debug|Any CPU.ActiveCfg = Debug|Any CPU
		{F1DA6647-EDF1-4F39-B256-C7EE11B8779E}.Debug|Any CPU.Build.0 = Debug|Any CPU
		{F1DA6647-EDF1-4F39-B256-C7EE11B8779E}.Release|Any CPU.ActiveCfg = Release|Any CPU
		{F1DA6647-EDF1-4F39-B256-C7EE11B8779E}.Release|Any CPU.Build.0 = Release|Any CPU
		{42D5A9D8-A0D0-485A-B062-6878C063BE7C}.Debug|Any CPU.ActiveCfg = Debug|Any CPU
		{42D5A9D8-A0D0-485A-B062-6878C063BE7C}.Debug|Any CPU.Build.0 = Debug|Any CPU
		{42D5A9D8-A0D0-485A-B062-6878C063BE7C}.Release|Any CPU.ActiveCfg = Release|Any CPU
		{42D5A9D8-A0D0-485A-B062-6878C063BE7C}.Release|Any CPU.Build.0 = Release|Any CPU
	EndGlobalSection
	GlobalSection(SolutionProperties) = preSolution
		HideSolutionNode = FALSE
	EndGlobalSection
EndGlobal
